github.com/ProtonMail/go-appdir v1.0.0 h1:PZXQ0HkveuEugga3LeDycxWtybrXQfKR0ThxURd6ojw=
github.com/ProtonMail/go-appdir v1.0.0/go.mod h1:3d8Y9F5mbEUjrYbcJ3rcDxcWbqbttF+011nVZmdRdzc=
github.com/davecgh/go-spew v1.1.0/go.mod h1:J7Y8YcW2NihsgmVo/mv3lAwl/skON4iLHjSsI+c5H38=
github.com/davecgh/go-spew v1.1.1/go.mod h1:J7Y8YcW2NihsgmVo/mv3lAwl/skON4iLHjSsI+c5H38=
github.com/dustin/go-humanize v1.0.0 h1:VSnTsYCnlFHaM2/igO1h6X3HA71jcobQuxemgkq4zYo=
github.com/dustin/go-humanize v1.0.0/go.mod h1:HtrtbFcZ19U5GC7JDqmcUSB87Iq5E25KnS6fMYU6eOk=
github.com/go-sql-driver/mysql v1.4.0/go.mod h1:zAC/RDZ24gD3HViQzih4MyKcchzm+sOG5ZlKdlhCg5w=
github.com/gopherjs/gopherjs v0.0.0-20190411002643-bd77b112433e h1:XWcjeEtTFTOVA9Fs1w7n2XBftk5ib4oZrhzWk0B+3eA=
github.com/gopherjs/gopherjs v0.0.0-20190411002643-bd77b112433e/go.mod h1:wJfORRmW1u3UXTncJ5qlYoELFm8eSnnEO6hX4iZ3EWY=
github.com/gopherjs/gopherjs v0.0.0-20190430165422-3e4dfb77656c h1:7lF+Vz0LqiRidnzC1Oq86fpX1q/iEv2KJdrCtttYjT4=
github.com/gopherjs/gopherjs v0.0.0-20190430165422-3e4dfb77656c/go.mod h1:wJfORRmW1u3UXTncJ5qlYoELFm8eSnnEO6hX4iZ3EWY=
github.com/jmoiron/sqlx v1.2.0 h1:41Ip0zITnmWNR/vHV+S4m+VoUivnWY5E4OJfLZjCJMA=
github.com/jmoiron/sqlx v1.2.0/go.mod h1:1FEQNm3xlJgrMD+FBdI9+xvCksHtbpVBBw5dYhBSsks=
github.com/konsorten/go-windows-terminal-sequences v1.0.1/go.mod h1:T0+1ngSBFLxvqU3pZ+m/2kptfBszLMUkC4ZK/EgS/cQ=
github.com/konsorten/go-windows-terminal-sequences v1.0.2 h1:DB17ag19krx9CFsz4o3enTrPXyIXCl+2iCXH/aMAp9s=
github.com/konsorten/go-windows-terminal-sequences v1.0.2/go.mod h1:T0+1ngSBFLxvqU3pZ+m/2kptfBszLMUkC4ZK/EgS/cQ=
github.com/lib/pq v1.0.0/go.mod h1:5WUZQaWbwv1U+lTReE5YruASi9Al49XbQIvNi/34Woo=
github.com/mattn/go-sqlite3 v1.9.0/go.mod h1:FPy6KqzDD04eiIsT53CuJW3U88zkxoIYsOqkbpncsNc=
github.com/mattn/go-sqlite3 v1.10.0 h1:jbhqpg7tQe4SupckyijYiy0mJJ/pRyHvXf7JdWK860o=
github.com/mattn/go-sqlite3 v1.10.0/go.mod h1:FPy6KqzDD04eiIsT53CuJW3U88zkxoIYsOqkbpncsNc=
github.com/pmezard/go-difflib v1.0.0/go.mod h1:iKH77koFhYxTK1pcRnkKkqfTogsbg7gZNVY4sRDYZ/4=
github.com/robfig/cron/v3 v3.0.0 h1:kQ6Cb7aHOHTSzNVNEhmp8EcWKLb4CbiMW9h9VyIhO4E=
github.com/robfig/cron/v3 v3.0.0/go.mod h1:eQICP3HwyT7UooqI/z+Ov+PtYAWygg1TEWWzGIFLtro=
github.com/shibukawa/configdir v0.0.0-20170330084843-e180dbdc8da0 h1:Xuk8ma/ibJ1fOy4Ee11vHhUFHQNpHhrBneOCNHVXS5w=
github.com/shibukawa/configdir v0.0.0-20170330084843-e180dbdc8da0/go.mod h1:7AwjWCpdPhkSmNAgUv5C7EJ4AbmjEB3r047r3DXWu3Y=
github.com/sirupsen/logrus v1.4.1 h1:GL2rEmy6nsikmW0r8opw9JIRScdMF5hA8cOYLH7In1k=
github.com/sirupsen/logrus v1.4.1/go.mod h1:ni0Sbl8bgC9z8RoU9G6nDWqqs/fq4eDPysMBDgk/93Q=
github.com/sirupsen/logrus v1.4.2 h1:SPIRibHv4MatM3XXNO2BJeFLZwZ2LvZgfQ5+UNI2im4=
github.com/sirupsen/logrus v1.4.2/go.mod h1:tLMulIdttU9McNUspp0xgXVQah82FyeX6MwdIuYE2rE=
github.com/stephenlyu/go-pkg-xmlx v0.0.0-20151201012946-76f54ee73233 h1:kplngHN0Ff9rPpqEBelt4a6+DqUNDT3bqUbkF03x8BU=
github.com/stephenlyu/go-pkg-xmlx v0.0.0-20151201012946-76f54ee73233/go.mod h1:binawBi40lpZ726UPZwPoxUrw/tYbnH0+sKRkwf7KeU=
github.com/stephenlyu/goqtuic v0.0.0-20180825180006-53b29b85eb87 h1:ufTrH8QLp9nqRasNp9iTN0o6xtE30JiuYy9p4PIE8Tg=
github.com/stephenlyu/goqtuic v0.0.0-20180825180006-53b29b85eb87/go.mod h1:ZNIMcgzTzWiefexqRCKqOhTVgCLpuafGW3yv4Bi8DcE=
github.com/stretchr/objx v0.1.0/go.mod h1:HFkY916IF+rwdDfMAkV7OtwuqBVzrE8GR6GFx+wExME=
github.com/stretchr/objx v0.1.1/go.mod h1:HFkY916IF+rwdDfMAkV7OtwuqBVzrE8GR6GFx+wExME=
github.com/stretchr/objx v0.2.0/go.mod h1:qt09Ya8vawLte6SNmTgCsAVtYtaKzEcn8ATUoHMkEqE=
github.com/stretchr/testify v1.2.2/go.mod h1:a8OnRcib4nhh0OaRAV+Yts87kKdq0PP7pXfy6kDkUVs=
github.com/stretchr/testify v1.3.0/go.mod h1:M5WIy9Dh21IEIfnGCwXGc5bZfKNJtfHm1UVUgZn+9EI=
github.com/therecipe/env_darwin_amd64_513 v0.0.0-20190626001412-d8e92e8db4d0 h1:Txh3Vvzx49BQg6OwSuYqOGNndpCWPYScIpEgK5BcGpc=
github.com/therecipe/env_darwin_amd64_513 v0.0.0-20190626001412-d8e92e8db4d0/go.mod h1:mdZdqBBs62KM68t1wD7rjG2NumvwuSNLqmMetEAqI14=
github.com/therecipe/qt v0.0.0-20190628021130-a9acd1ab63c1 h1:hqGfUSaL+5eJCyYJp89HNABOlkIUravsMVmqtK1fRX8=
github.com/therecipe/qt v0.0.0-20190628021130-a9acd1ab63c1/go.mod h1:SUUR2j3aE1z6/g76SdD6NwACEpvCxb3fvG82eKbD6us=
github.com/therecipe/qt/internal/binding/files/docs v0.0.0-20190628021130-a9acd1ab63c1 h1:USf2pzuEvIZ5wwiK64EQLByVKvGnrWJPp4lCyqn80hM=
github.com/therecipe/qt/internal/binding/files/docs v0.0.0-20190628021130-a9acd1ab63c1/go.mod h1:3m53YtVScOef+bvEyu5Pnhhdt1948eTNnsVZrP6hYeE=
github.com/therecipe/qt/internal/binding/files/docs/5.10.0 v0.0.0-20190628021130-a9acd1ab63c1 h1:g4HXlw22hTeChW1sAhtXWvXAAXWCbTeKMhzsEOqBxis=
github.com/therecipe/qt/internal/binding/files/docs/5.10.0 v0.0.0-20190628021130-a9acd1ab63c1/go.mod h1:0kdyvN3U5+T/7oroKwjnxjOCSl0KgMdslhGFRiY6CYw=
github.com/therecipe/qt/internal/binding/files/docs/5.11.1 v0.0.0-20190628021130-a9acd1ab63c1 h1:Pr9pqXVazOVfSpwwYcrKShHzqoVWvO2rwJzmLwIVyUw=
github.com/therecipe/qt/internal/binding/files/docs/5.11.1 v0.0.0-20190628021130-a9acd1ab63c1/go.mod h1:89DJ2jP40NC3R0AHpsYfRtFcZxg8hg64u+GFb8cjyYs=
github.com/therecipe/qt/internal/binding/files/docs/5.12.0 v0.0.0-20190628021130-a9acd1ab63c1 h1:kt+reCjEInlihAIbdptLKn6VTfjalrB5MofFiV+1Bq0=
github.com/therecipe/qt/internal/binding/files/docs/5.12.0 v0.0.0-20190628021130-a9acd1ab63c1/go.mod h1:7m8PDYDEtEVqfjoUQc2UrFqhG0CDmoVJjRlQxexndFc=
github.com/therecipe/qt/internal/binding/files/docs/5.13.0 v0.0.0-20190628021130-a9acd1ab63c1 h1:76FNucw2vP6W7M1z3vuRKVhneAjfJdz21RIDyv7k1lw=
github.com/therecipe/qt/internal/binding/files/docs/5.13.0 v0.0.0-20190628021130-a9acd1ab63c1/go.mod h1:mH55Ek7AZcdns5KPp99O0bg+78el64YCYWHiQKrOdt4=
github.com/therecipe/qt/internal/binding/files/docs/5.6.3 v0.0.0-20190628021130-a9acd1ab63c1 h1:KDDQ4vb0ZyDWeYinOSLMcyI78uRP2D61uRI/Tmm217g=
github.com/therecipe/qt/internal/binding/files/docs/5.6.3 v0.0.0-20190628021130-a9acd1ab63c1/go.mod h1:Vekyc8wPRbEBD1XjJpnjhm8l5TRuvoZFZnRe9812jRk=
github.com/therecipe/qt/internal/binding/files/docs/5.7.0 v0.0.0-20190628021130-a9acd1ab63c1 h1:/NEoGsjHKyQ3RpRsXtDxZ11WSf6dB8M9o6vT6qIOgns=
github.com/therecipe/qt/internal/binding/files/docs/5.7.0 v0.0.0-20190628021130-a9acd1ab63c1/go.mod h1:nxvy/0d+Vs+CDWSYMQTUe/CYB/gFfL35WuikY+Nk/NE=
github.com/therecipe/qt/internal/binding/files/docs/5.7.1 v0.0.0-20190628021130-a9acd1ab63c1 h1:l1Hs+nGjXTDfo+/Ra00zWROIJ/VpeZAFP+LZH6CLJog=
github.com/therecipe/qt/internal/binding/files/docs/5.7.1 v0.0.0-20190628021130-a9acd1ab63c1/go.mod h1:LH+7O1UJfPKV17+JOpg8jsBp+t+zR9qvPnz6c8ji9c4=
github.com/therecipe/qt/internal/binding/files/docs/5.8.0 v0.0.0-20190628021130-a9acd1ab63c1 h1:Ry/vxA1YO0lqhTcKWbbDVz3d+zSee5k26nmdaq/lUl4=
github.com/therecipe/qt/internal/binding/files/docs/5.8.0 v0.0.0-20190628021130-a9acd1ab63c1/go.mod h1:fLn3mj9ZGgEDR+/Ork0sfteGWc31cjv8b4VXITvk/fs=
github.com/therecipe/qt/internal/binding/files/docs/5.9.0 v0.0.0-20190628021130-a9acd1ab63c1 h1:blHuufXEw6HIYQXbh93rr5KJ31rcblMmXU1ZHMR0zb0=
github.com/therecipe/qt/internal/binding/files/docs/5.9.0 v0.0.0-20190628021130-a9acd1ab63c1/go.mod h1:6VuvmQeE7pyTjJ2zCaVqVNCqS6696NToUQSB+dKg5ts=
github.com/z-ray/log v0.0.0-20171010041026-e59779f9e8f6 h1:uGP/7YMtsuXTk/S/r7SrqBzd7awB0hY3NIsvjvT+hLM=
github.com/z-ray/log v0.0.0-20171010041026-e59779f9e8f6/go.mod h1:znVjI7LOkE2lU9sAapslHrWjabyhcyRIEEYKjHESJRI=
golang.org/x/crypto v0.0.0-20190308221718-c2843e01d9a2/go.mod h1:djNgcEr1/C05ACkg1iLfiJU5Ep61QUkGW8qpdssI0+w=
golang.org/x/crypto v0.0.0-20190418165655-df01cb2cc480/go.mod h1:WFFai1msRO1wXaEeE5yQxYXgSfI8pQAWXbQop6sCtWE=
golang.org/x/crypto v0.0.0-20190701094942-4def268fd1a4/go.mod h1:yigFU9vqHzYiE8UmvKecakEJjdnWj3jj499lnFckfCI=
golang.org/x/net v0.0.0-20190311183353-d8887717615a/go.mod h1:t9HGtf8HONx5eT2rtn7q6eTqICYqUVnKs3thJo3Qplg=
golang.org/x/net v0.0.0-20190404232315-eb5bcb51f2a3/go.mod h1:t9HGtf8HONx5eT2rtn7q6eTqICYqUVnKs3thJo3Qplg=
golang.org/x/net v0.0.0-20190420063019-afa5a82059c6/go.mod h1:t9HGtf8HONx5eT2rtn7q6eTqICYqUVnKs3thJo3Qplg=
golang.org/x/net v0.0.0-20190620200207-3b0461eec859/go.mod h1:z5CRVTTTmAJ677TzLLGU+0bjPO0LkuOLi4/5GtJWs/s=
golang.org/x/net v0.0.0-20190628185345-da137c7871d7/go.mod h1:z5CRVTTTmAJ677TzLLGU+0bjPO0LkuOLi4/5GtJWs/s=
golang.org/x/sync v0.0.0-20190423024810-112230192c58 h1:8gQV6CLnAEikrhgkHFbMAEhagSSnXWGV915qUMm9mrU=
golang.org/x/sync v0.0.0-20190423024810-112230192c58/go.mod h1:RxMgew5VJxzue5/jJTE5uejpjVlOe/izrB70Jof72aM=
golang.org/x/sys v0.0.0-20180905080454-ebe1bf3edb33/go.mod h1:STP8DvDyc/dI5b8T5hshtkjS+E42TnysNCUPdjciGhY=
golang.org/x/sys v0.0.0-20190215142949-d0b11bdaac8a/go.mod h1:STP8DvDyc/dI5b8T5hshtkjS+E42TnysNCUPdjciGhY=
golang.org/x/sys v0.0.0-20190403152447-81d4e9dc473e/go.mod h1:h1NjWce9XRLGQEsW7wpKNCjG9DtNlClVuFLEZdDNbEs=
golang.org/x/sys v0.0.0-20190412213103-97732733099d/go.mod h1:h1NjWce9XRLGQEsW7wpKNCjG9DtNlClVuFLEZdDNbEs=
golang.org/x/sys v0.0.0-20190419153524-e8e3143a4f4a h1:XCr/YX7O0uxRkLq2k1ApNQMims9eCioF9UpzIPBDmuo=
golang.org/x/sys v0.0.0-20190419153524-e8e3143a4f4a/go.mod h1:h1NjWce9XRLGQEsW7wpKNCjG9DtNlClVuFLEZdDNbEs=
golang.org/x/sys v0.0.0-20190422165155-953cdadca894 h1:Cz4ceDQGXuKRnVBDTS23GTn/pU5OE2C0WrNTOYK1Uuc=
golang.org/x/sys v0.0.0-20190422165155-953cdadca894/go.mod h1:h1NjWce9XRLGQEsW7wpKNCjG9DtNlClVuFLEZdDNbEs=
golang.org/x/sys v0.0.0-20190712062909-fae7ac547cb7 h1:LepdCS8Gf/MVejFIt8lsiexZATdoGVyp5bcyS+rYoUI=
golang.org/x/sys v0.0.0-20190712062909-fae7ac547cb7/go.mod h1:h1NjWce9XRLGQEsW7wpKNCjG9DtNlClVuFLEZdDNbEs=
golang.org/x/text v0.3.0/go.mod h1:NqM8EUOU14njkJ3fqMW+pc6Ldnwhi/IjpwHt7yyuwOQ=
golang.org/x/text v0.3.2/go.mod h1:bEr9sfX3Q8Zfm5fL9x+3itogRgK3+ptLWKqgva+5dAk=
golang.org/x/tools v0.0.0-20180917221912-90fa682c2a6e/go.mod h1:n7NCudcB/nEzxVGmLbDWY5pfWTLqBcC2KZ6jyYvM4mQ=
golang.org/x/tools v0.0.0-20190420181800-aa740d480789 h1:FF0rjo15h51+N6642mf5S3QuplmKo2aCrJUYkHTx85s=
golang.org/x/tools v0.0.0-20190420181800-aa740d480789/go.mod h1:LCzVGOaR6xXOjkQ3onu1FJEFr0SW1gC7cKk1uF8kGRs=
golang.org/x/tools v0.0.0-20190712213246-8b927904ee0d h1:JZPFnINSinLUdC0BJDoKhrky8niIzXMPIY2oR07+I+E=
golang.org/x/tools v0.0.0-20190712213246-8b927904ee0d/go.mod h1:jcCCGcm9btYwXyDqrUWc6MKQKKGJCWEQ3AfLSRIbEuI=
golang.org/x/tools v0.0.0-20190716021316-fefcef05abb1 h1:zgTTk+1hZ1lfGM8FQX/Y4Fcv3HZXEfnrOJ8wZPQClOQ=
golang.org/x/tools v0.0.0-20190716021316-fefcef05abb1/go.mod h1:jcCCGcm9btYwXyDqrUWc6MKQKKGJCWEQ3AfLSRIbEuI=
gopkg.in/guregu/null.v3 v3.4.0 h1:AOpMtZ85uElRhQjEDsFx21BkXqFPwA7uoJukd4KErIs=
gopkg.in/guregu/null.v3 v3.4.0/go.mod h1:E4tX2Qe3h7QdL+uZ3a0vqvYwKQsRSQKM5V4YltdgH9Y=
